// !$*UTF8*$!
{
	archiveVersion = 1;
	classes = {
	};
	objectVersion = 56;
	objects = {

/* Begin PBXBuildFile section */
		43D94F8129E7184700B16F46 /* AppDelegate.swift in Sources */ = {isa = PBXBuildFile; fileRef = 43D94F8029E7184700B16F46 /* AppDelegate.swift */; };
		43D94F8329E7184700B16F46 /* SceneDelegate.swift in Sources */ = {isa = PBXBuildFile; fileRef = 43D94F8229E7184700B16F46 /* SceneDelegate.swift */; };
		43D94F8529E7184700B16F46 /* NewsViewController.swift in Sources */ = {isa = PBXBuildFile; fileRef = 43D94F8429E7184700B16F46 /* NewsViewController.swift */; };
		43D94F8A29E7185A00B16F46 /* Assets.xcassets in Resources */ = {isa = PBXBuildFile; fileRef = 43D94F8929E7185A00B16F46 /* Assets.xcassets */; };
		43D94F8D29E7185B00B16F46 /* LaunchScreen.storyboard in Resources */ = {isa = PBXBuildFile; fileRef = 43D94F8B29E7185B00B16F46 /* LaunchScreen.storyboard */; };
		43D94F9A29E71B7400B16F46 /* NewsCollectionsView.swift in Sources */ = {isa = PBXBuildFile; fileRef = 43D94F9929E71B7400B16F46 /* NewsCollectionsView.swift */; };
		43D94F9C29E71D2400B16F46 /* NewsCell.swift in Sources */ = {isa = PBXBuildFile; fileRef = 43D94F9B29E71D2300B16F46 /* NewsCell.swift */; };
		43D94FA029E7200100B16F46 /* NewsError.swift in Sources */ = {isa = PBXBuildFile; fileRef = 43D94F9F29E7200100B16F46 /* NewsError.swift */; };
		43D94FA229E7269400B16F46 /* Model.swift in Sources */ = {isa = PBXBuildFile; fileRef = 43D94FA129E7269400B16F46 /* Model.swift */; };
		43D94FA529E72ED000B16F46 /* NetworkManager.swift in Sources */ = {isa = PBXBuildFile; fileRef = 43D94FA429E72ED000B16F46 /* NetworkManager.swift */; };
		43D94FA729E744F300B16F46 /* Date + Extensions.swift in Sources */ = {isa = PBXBuildFile; fileRef = 43D94FA629E744F300B16F46 /* Date + Extensions.swift */; };
/* End PBXBuildFile section */

/* Begin PBXFileReference section */
		43D94F7D29E7184700B16F46 /* NewsAppCollections.app */ = {isa = PBXFileReference; explicitFileType = wrapper.application; includeInIndex = 0; path = NewsAppCollections.app; sourceTree = BUILT_PRODUCTS_DIR; };
		43D94F8029E7184700B16F46 /* AppDelegate.swift */ = {isa = PBXFileReference; lastKnownFileType = sourcecode.swift; path = AppDelegate.swift; sourceTree = "<group>"; };
		43D94F8229E7184700B16F46 /* SceneDelegate.swift */ = {isa = PBXFileReference; lastKnownFileType = sourcecode.swift; path = SceneDelegate.swift; sourceTree = "<group>"; };
		43D94F8429E7184700B16F46 /* NewsViewController.swift */ = {isa = PBXFileReference; lastKnownFileType = sourcecode.swift; path = NewsViewController.swift; sourceTree = "<group>"; };
		43D94F8929E7185A00B16F46 /* Assets.xcassets */ = {isa = PBXFileReference; lastKnownFileType = folder.assetcatalog; path = Assets.xcassets; sourceTree = "<group>"; };
		43D94F8C29E7185B00B16F46 /* Base */ = {isa = PBXFileReference; lastKnownFileType = file.storyboard; name = Base; path = Base.lproj/LaunchScreen.storyboard; sourceTree = "<group>"; };
		43D94F8E29E7185B00B16F46 /* Info.plist */ = {isa = PBXFileReference; lastKnownFileType = text.plist.xml; path = Info.plist; sourceTree = "<group>"; };
		43D94F9929E71B7400B16F46 /* NewsCollectionsView.swift */ = {isa = PBXFileReference; lastKnownFileType = sourcecode.swift; path = NewsCollectionsView.swift; sourceTree = "<group>"; };
		43D94F9B29E71D2300B16F46 /* NewsCell.swift */ = {isa = PBXFileReference; lastKnownFileType = sourcecode.swift; path = NewsCell.swift; sourceTree = "<group>"; };
		43D94F9F29E7200100B16F46 /* NewsError.swift */ = {isa = PBXFileReference; lastKnownFileType = sourcecode.swift; path = NewsError.swift; sourceTree = "<group>"; };
		43D94FA129E7269400B16F46 /* Model.swift */ = {isa = PBXFileReference; lastKnownFileType = sourcecode.swift; path = Model.swift; sourceTree = "<group>"; };
		43D94FA429E72ED000B16F46 /* NetworkManager.swift */ = {isa = PBXFileReference; lastKnownFileType = sourcecode.swift; path = NetworkManager.swift; sourceTree = "<group>"; };
		43D94FA629E744F300B16F46 /* Date + Extensions.swift */ = {isa = PBXFileReference; lastKnownFileType = sourcecode.swift; path = "Date + Extensions.swift"; sourceTree = "<group>"; };
/* End PBXFileReference section */

/* Begin PBXFrameworksBuildPhase section */
		43D94F7A29E7184700B16F46 /* Frameworks */ = {
			isa = PBXFrameworksBuildPhase;
			buildActionMask = 2147483647;
			files = (
			);
			runOnlyForDeploymentPostprocessing = 0;
		};
/* End PBXFrameworksBuildPhase section */

/* Begin PBXGroup section */
		43D94F7429E7184700B16F46 = {
			isa = PBXGroup;
			children = (
				43D94F7F29E7184700B16F46 /* NewsAppCollections */,
				43D94F7E29E7184700B16F46 /* Products */,
			);
			sourceTree = "<group>";
		};
		43D94F7E29E7184700B16F46 /* Products */ = {
			isa = PBXGroup;
			children = (
				43D94F7D29E7184700B16F46 /* NewsAppCollections.app */,
			);
			name = Products;
			sourceTree = "<group>";
		};
		43D94F7F29E7184700B16F46 /* NewsAppCollections */ = {
			isa = PBXGroup;
			children = (
				43D94F9529E718EE00B16F46 /* Applications */,
				43D94F9629E718FD00B16F46 /* Controllers */,
				43D94F9E29E71FC700B16F46 /* Extensions */,
				43D94FA329E7269B00B16F46 /* Managers */,
				43D94F9729E7190600B16F46 /* View */,
				43D94F9429E718C800B16F46 /* Supporting */,
			);
			path = NewsAppCollections;
			sourceTree = "<group>";
		};
		43D94F9429E718C800B16F46 /* Supporting */ = {
			isa = PBXGroup;
			children = (
				43D94F8929E7185A00B16F46 /* Assets.xcassets */,
				43D94F8B29E7185B00B16F46 /* LaunchScreen.storyboard */,
				43D94F8E29E7185B00B16F46 /* Info.plist */,
				43D94F9F29E7200100B16F46 /* NewsError.swift */,
			);
			path = Supporting;
			sourceTree = "<group>";
		};
		43D94F9529E718EE00B16F46 /* Applications */ = {
			isa = PBXGroup;
			children = (
				43D94F8029E7184700B16F46 /* AppDelegate.swift */,
				43D94F8229E7184700B16F46 /* SceneDelegate.swift */,
			);
			path = Applications;
			sourceTree = "<group>";
		};
		43D94F9629E718FD00B16F46 /* Controllers */ = {
			isa = PBXGroup;
			children = (
				43D94F8429E7184700B16F46 /* NewsViewController.swift */,
			);
			path = Controllers;
			sourceTree = "<group>";
		};
		43D94F9729E7190600B16F46 /* View */ = {
			isa = PBXGroup;
			children = (
				43D94F9D29E71E0500B16F46 /* Views */,
				43D94F9829E7191500B16F46 /* Cells */,
			);
			path = View;
			sourceTree = "<group>";
		};
		43D94F9829E7191500B16F46 /* Cells */ = {
			isa = PBXGroup;
			children = (
				43D94F9B29E71D2300B16F46 /* NewsCell.swift */,
			);
			path = Cells;
			sourceTree = "<group>";
		};
		43D94F9D29E71E0500B16F46 /* Views */ = {
			isa = PBXGroup;
			children = (
				43D94F9929E71B7400B16F46 /* NewsCollectionsView.swift */,
			);
			path = Views;
			sourceTree = "<group>";
		};
		43D94F9E29E71FC700B16F46 /* Extensions */ = {
			isa = PBXGroup;
			children = (
				43D94FA629E744F300B16F46 /* Date + Extensions.swift */,
			);
			path = Extensions;
			sourceTree = "<group>";
		};
		43D94FA329E7269B00B16F46 /* Managers */ = {
			isa = PBXGroup;
			children = (
				43D94FA129E7269400B16F46 /* Model.swift */,
				43D94FA429E72ED000B16F46 /* NetworkManager.swift */,
			);
			path = Managers;
			sourceTree = "<group>";
		};
/* End PBXGroup section */

/* Begin PBXNativeTarget section */
		43D94F7C29E7184700B16F46 /* NewsAppCollections */ = {
			isa = PBXNativeTarget;
			buildConfigurationList = 43D94F9129E7185B00B16F46 /* Build configuration list for PBXNativeTarget "NewsAppCollections" */;
			buildPhases = (
				43D94F7929E7184700B16F46 /* Sources */,
				43D94F7A29E7184700B16F46 /* Frameworks */,
				43D94F7B29E7184700B16F46 /* Resources */,
			);
			buildRules = (
			);
			dependencies = (
			);
			name = NewsAppCollections;
			productName = NewsAppCollections;
			productReference = 43D94F7D29E7184700B16F46 /* NewsAppCollections.app */;
			productType = "com.apple.product-type.application";
		};
/* End PBXNativeTarget section */

/* Begin PBXProject section */
		43D94F7529E7184700B16F46 /* Project object */ = {
			isa = PBXProject;
			attributes = {
				BuildIndependentTargetsInParallel = 1;
				LastSwiftUpdateCheck = 1410;
				LastUpgradeCheck = 1410;
				TargetAttributes = {
					43D94F7C29E7184700B16F46 = {
						CreatedOnToolsVersion = 14.1;
					};
				};
			};
			buildConfigurationList = 43D94F7829E7184700B16F46 /* Build configuration list for PBXProject "NewsAppCollections" */;
			compatibilityVersion = "Xcode 14.0";
			developmentRegion = en;
			hasScannedForEncodings = 0;
			knownRegions = (
				en,
				Base,
			);
			mainGroup = 43D94F7429E7184700B16F46;
			productRefGroup = 43D94F7E29E7184700B16F46 /* Products */;
			projectDirPath = "";
			projectRoot = "";
			targets = (
				43D94F7C29E7184700B16F46 /* NewsAppCollections */,
			);
		};
/* End PBXProject section */

/* Begin PBXResourcesBuildPhase section */
		43D94F7B29E7184700B16F46 /* Resources */ = {
			isa = PBXResourcesBuildPhase;
			buildActionMask = 2147483647;
			files = (
				43D94F8D29E7185B00B16F46 /* LaunchScreen.storyboard in Resources */,
				43D94F8A29E7185A00B16F46 /* Assets.xcassets in Resources */,
			);
			runOnlyForDeploymentPostprocessing = 0;
		};
/* End PBXResourcesBuildPhase section */

/* Begin PBXSourcesBuildPhase section */
		43D94F7929E7184700B16F46 /* Sources */ = {
			isa = PBXSourcesBuildPhase;
			buildActionMask = 2147483647;
			files = (
				43D94FA229E7269400B16F46 /* Model.swift in Sources */,
				43D94FA729E744F300B16F46 /* Date + Extensions.swift in Sources */,
				43D94F8529E7184700B16F46 /* NewsViewController.swift in Sources */,
				43D94FA029E7200100B16F46 /* NewsError.swift in Sources */,
				43D94F8129E7184700B16F46 /* AppDelegate.swift in Sources */,
				43D94FA529E72ED000B16F46 /* NetworkManager.swift in Sources */,
				43D94F8329E7184700B16F46 /* SceneDelegate.swift in Sources */,
				43D94F9A29E71B7400B16F46 /* NewsCollectionsView.swift in Sources */,
				43D94F9C29E71D2400B16F46 /* NewsCell.swift in Sources */,
			);
			runOnlyForDeploymentPostprocessing = 0;
		};
/* End PBXSourcesBuildPhase section */

/* Begin PBXVariantGroup section */
		43D94F8B29E7185B00B16F46 /* LaunchScreen.storyboard */ = {
			isa = PBXVariantGroup;
			children = (
				43D94F8C29E7185B00B16F46 /* Base */,
			);
			name = LaunchScreen.storyboard;
			sourceTree = "<group>";
		};
/* End PBXVariantGroup section */

/* Begin XCBuildConfiguration section */
		43D94F8F29E7185B00B16F46 /* Debug */ = {
			isa = XCBuildConfiguration;
			buildSettings = {
				ALWAYS_SEARCH_USER_PATHS = NO;
				CLANG_ANALYZER_NONNULL = YES;
				CLANG_ANALYZER_NUMBER_OBJECT_CONVERSION = YES_AGGRESSIVE;
				CLANG_CXX_LANGUAGE_STANDARD = "gnu++20";
				CLANG_ENABLE_MODULES = YES;
				CLANG_ENABLE_OBJC_ARC = YES;
				CLANG_ENABLE_OBJC_WEAK = YES;
				CLANG_WARN_BLOCK_CAPTURE_AUTORELEASING = YES;
				CLANG_WARN_BOOL_CONVERSION = YES;
				CLANG_WARN_COMMA = YES;
				CLANG_WARN_CONSTANT_CONVERSION = YES;
				CLANG_WARN_DEPRECATED_OBJC_IMPLEMENTATIONS = YES;
				CLANG_WARN_DIRECT_OBJC_ISA_USAGE = YES_ERROR;
				CLANG_WARN_DOCUMENTATION_COMMENTS = YES;
				CLANG_WARN_EMPTY_BODY = YES;
				CLANG_WARN_ENUM_CONVERSION = YES;
				CLANG_WARN_INFINITE_RECURSION = YES;
				CLANG_WARN_INT_CONVERSION = YES;
				CLANG_WARN_NON_LITERAL_NULL_CONVERSION = YES;
				CLANG_WARN_OBJC_IMPLICIT_RETAIN_SELF = YES;
				CLANG_WARN_OBJC_LITERAL_CONVERSION = YES;
				CLANG_WARN_OBJC_ROOT_CLASS = YES_ERROR;
				CLANG_WARN_QUOTED_INCLUDE_IN_FRAMEWORK_HEADER = YES;
				CLANG_WARN_RANGE_LOOP_ANALYSIS = YES;
				CLANG_WARN_STRICT_PROTOTYPES = YES;
				CLANG_WARN_SUSPICIOUS_MOVE = YES;
				CLANG_WARN_UNGUARDED_AVAILABILITY = YES_AGGRESSIVE;
				CLANG_WARN_UNREACHABLE_CODE = YES;
				CLANG_WARN__DUPLICATE_METHOD_MATCH = YES;
				COPY_PHASE_STRIP = NO;
				DEBUG_INFORMATION_FORMAT = dwarf;
				ENABLE_STRICT_OBJC_MSGSEND = YES;
				ENABLE_TESTABILITY = YES;
				GCC_C_LANGUAGE_STANDARD = gnu11;
				GCC_DYNAMIC_NO_PIC = NO;
				GCC_NO_COMMON_BLOCKS = YES;
				GCC_OPTIMIZATION_LEVEL = 0;
				GCC_PREPROCESSOR_DEFINITIONS = (
					"DEBUG=1",
					"$(inherited)",
				);
				GCC_WARN_64_TO_32_BIT_CONVERSION = YES;
				GCC_WARN_ABOUT_RETURN_TYPE = YES_ERROR;
				GCC_WARN_UNDECLARED_SELECTOR = YES;
				GCC_WARN_UNINITIALIZED_AUTOS = YES_AGGRESSIVE;
				GCC_WARN_UNUSED_FUNCTION = YES;
				GCC_WARN_UNUSED_VARIABLE = YES;
				IPHONEOS_DEPLOYMENT_TARGET = 16.1;
				MTL_ENABLE_DEBUG_INFO = INCLUDE_SOURCE;
				MTL_FAST_MATH = YES;
				ONLY_ACTIVE_ARCH = YES;
				SDKROOT = iphoneos;
				SWIFT_ACTIVE_COMPILATION_CONDITIONS = DEBUG;
				SWIFT_OPTIMIZATION_LEVEL = "-Onone";
			};
			name = Debug;
		};
		43D94F9029E7185B00B16F46 /* Release */ = {
			isa = XCBuildConfiguration;
			buildSettings = {
				ALWAYS_SEARCH_USER_PATHS = NO;
				CLANG_ANALYZER_NONNULL = YES;
				CLANG_ANALYZER_NUMBER_OBJECT_CONVERSION = YES_AGGRESSIVE;
				CLANG_CXX_LANGUAGE_STANDARD = "gnu++20";
				CLANG_ENABLE_MODULES = YES;
				CLANG_ENABLE_OBJC_ARC = YES;
				CLANG_ENABLE_OBJC_WEAK = YES;
				CLANG_WARN_BLOCK_CAPTURE_AUTORELEASING = YES;
				CLANG_WARN_BOOL_CONVERSION = YES;
				CLANG_WARN_COMMA = YES;
				CLANG_WARN_CONSTANT_CONVERSION = YES;
				CLANG_WARN_DEPRECATED_OBJC_IMPLEMENTATIONS = YES;
				CLANG_WARN_DIRECT_OBJC_ISA_USAGE = YES_ERROR;
				CLANG_WARN_DOCUMENTATION_COMMENTS = YES;
				CLANG_WARN_EMPTY_BODY = YES;
				CLANG_WARN_ENUM_CONVERSION = YES;
				CLANG_WARN_INFINITE_RECURSION = YES;
				CLANG_WARN_INT_CONVERSION = YES;
				CLANG_WARN_NON_LITERAL_NULL_CONVERSION = YES;
				CLANG_WARN_OBJC_IMPLICIT_RETAIN_SELF = YES;
				CLANG_WARN_OBJC_LITERAL_CONVERSION = YES;
				CLANG_WARN_OBJC_ROOT_CLASS = YES_ERROR;
				CLANG_WARN_QUOTED_INCLUDE_IN_FRAMEWORK_HEADER = YES;
				CLANG_WARN_RANGE_LOOP_ANALYSIS = YES;
				CLANG_WARN_STRICT_PROTOTYPES = YES;
				CLANG_WARN_SUSPICIOUS_MOVE = YES;
				CLANG_WARN_UNGUARDED_AVAILABILITY = YES_AGGRESSIVE;
				CLANG_WARN_UNREACHABLE_CODE = YES;
				CLANG_WARN__DUPLICATE_METHOD_MATCH = YES;
				COPY_PHASE_STRIP = NO;
				DEBUG_INFORMATION_FORMAT = "dwarf-with-dsym";
				ENABLE_NS_ASSERTIONS = NO;
				ENABLE_STRICT_OBJC_MSGSEND = YES;
				GCC_C_LANGUAGE_STANDARD = gnu11;
				GCC_NO_COMMON_BLOCKS = YES;
				GCC_WARN_64_TO_32_BIT_CONVERSION = YES;
				GCC_WARN_ABOUT_RETURN_TYPE = YES_ERROR;
				GCC_WARN_UNDECLARED_SELECTOR = YES;
				GCC_WARN_UNINITIALIZED_AUTOS = YES_AGGRESSIVE;
				GCC_WARN_UNUSED_FUNCTION = YES;
				GCC_WARN_UNUSED_VARIABLE = YES;
				IPHONEOS_DEPLOYMENT_TARGET = 16.1;
				MTL_ENABLE_DEBUG_INFO = NO;
				MTL_FAST_MATH = YES;
				SDKROOT = iphoneos;
				SWIFT_COMPILATION_MODE = wholemodule;
				SWIFT_OPTIMIZATION_LEVEL = "-O";
				VALIDATE_PRODUCT = YES;
			};
			name = Release;
		};
		43D94F9229E7185B00B16F46 /* Debug */ = {
			isa = XCBuildConfiguration;
			buildSettings = {
				ASSETCATALOG_COMPILER_APPICON_NAME = AppIcon;
				ASSETCATALOG_COMPILER_GLOBAL_ACCENT_COLOR_NAME = AccentColor;
				CODE_SIGN_STYLE = Automatic;
				CURRENT_PROJECT_VERSION = 1;
				DEVELOPMENT_TEAM = GL9MDKA2Z4;
				GENERATE_INFOPLIST_FILE = YES;
				INFOPLIST_FILE = "NewsAppCollections//Supporting/Info.plist";
				INFOPLIST_KEY_UIApplicationSupportsIndirectInputEvents = YES;
				INFOPLIST_KEY_UILaunchStoryboardName = LaunchScreen;
				INFOPLIST_KEY_UISupportedInterfaceOrientations_iPad = "UIInterfaceOrientationPortrait UIInterfaceOrientationPortraitUpsideDown UIInterfaceOrientationLandscapeLeft UIInterfaceOrientationLandscapeRight";
				INFOPLIST_KEY_UISupportedInterfaceOrientations_iPhone = "UIInterfaceOrientationPortrait UIInterfaceOrientationLandscapeLeft UIInterfaceOrientationLandscapeRight";
				LD_RUNPATH_SEARCH_PATHS = (
					"$(inherited)",
					"@executable_path/Frameworks",
				);
				MARKETING_VERSION = 1.0;
				PRODUCT_BUNDLE_IDENTIFIER = SudHome.NewsAppCollections;
				PRODUCT_NAME = "$(TARGET_NAME)";
				SWIFT_EMIT_LOC_STRINGS = YES;
				SWIFT_VERSION = 5.0;
				TARGETED_DEVICE_FAMILY = "1,2";
			};
			name = Debug;
		};
		43D94F9329E7185B00B16F46 /* Release */ = {
			isa = XCBuildConfiguration;
			buildSettings = {
				ASSETCATALOG_COMPILER_APPICON_NAME = AppIcon;
				ASSETCATALOG_COMPILER_GLOBAL_ACCENT_COLOR_NAME = AccentColor;
				CODE_SIGN_STYLE = Automatic;
				CURRENT_PROJECT_VERSION = 1;
				DEVELOPMENT_TEAM = GL9MDKA2Z4;
				GENERATE_INFOPLIST_FILE = YES;
				INFOPLIST_FILE = "NewsAppCollections//Supporting/Info.plist";
				INFOPLIST_KEY_UIApplicationSupportsIndirectInputEvents = YES;
				INFOPLIST_KEY_UILaunchStoryboardName = LaunchScreen;
				INFOPLIST_KEY_UISupportedInterfaceOrientations_iPad = "UIInterfaceOrientationPortrait UIInterfaceOrientationPortraitUpsideDown UIInterfaceOrientationLandscapeLeft UIInterfaceOrientationLandscapeRight";
				INFOPLIST_KEY_UISupportedInterfaceOrientations_iPhone = "UIInterfaceOrientationPortrait UIInterfaceOrientationLandscapeLeft UIInterfaceOrientationLandscapeRight";
				LD_RUNPATH_SEARCH_PATHS = (
					"$(inherited)",
					"@executable_path/Frameworks",
				);
				MARKETING_VERSION = 1.0;
				PRODUCT_BUNDLE_IDENTIFIER = SudHome.NewsAppCollections;
				PRODUCT_NAME = "$(TARGET_NAME)";
				SWIFT_EMIT_LOC_STRINGS = YES;
				SWIFT_VERSION = 5.0;
				TARGETED_DEVICE_FAMILY = "1,2";
			};
			name = Release;
		};
/* End XCBuildConfiguration section */

/* Begin XCConfigurationList section */
		43D94F7829E7184700B16F46 /* Build configuration list for PBXProject "NewsAppCollections" */ = {
			isa = XCConfigurationList;
			buildConfigurations = (
				43D94F8F29E7185B00B16F46 /* Debug */,
				43D94F9029E7185B00B16F46 /* Release */,
			);
			defaultConfigurationIsVisible = 0;
			defaultConfigurationName = Release;
		};
		43D94F9129E7185B00B16F46 /* Build configuration list for PBXNativeTarget "NewsAppCollections" */ = {
			isa = XCConfigurationList;
			buildConfigurations = (
				43D94F9229E7185B00B16F46 /* Debug */,
				43D94F9329E7185B00B16F46 /* Release */,
			);
			defaultConfigurationIsVisible = 0;
			defaultConfigurationName = Release;
		};
/* End XCConfigurationList section */
	};
	rootObject = 43D94F7529E7184700B16F46 /* Project object */;
}
